Microsoft Visual Studio Solution File, Format Version 12.00
# Visual Studio Version 17
VisualStudioVersion = 17.5.2.0
MinimumVisualStudioVersion = 10.0.40219.1
Project("{FAE04EC0-301F-11D3-BF4B-00C04F79EFBC}") = "StudentMarksUpdate", "StudentMarksUpdate.csproj", "{4C9E895C-76B5-0219-4C6C-F976BF91E304}"
EndProject
Global
	GlobalSection(SolutionConfigurationPlatforms) = preSolution
		Debug|Any CPU = Debug|Any CPU
		Release|Any CPU = Release|Any CPU
	EndGlobalSection
	GlobalSection(ProjectConfigurationPlatforms) = postSolution
		{4C9E895C-76B5-0219-4C6C-F976BF91E304}.Debug|Any CPU.ActiveCfg = Debug|Any CPU
		{4C9E895C-76B5-0219-4C6C-F976BF91E304}.Debug|Any CPU.Build.0 = Debug|Any CPU
		{4C9E895C-76B5-0219-4C6C-F976BF91E304}.Release|Any CPU.ActiveCfg = Release|Any CPU
		{4C9E895C-76B5-0219-4C6C-F976BF91E304}.Release|Any CPU.Build.0 = Release|Any CPU
	EndGlobalSection
	GlobalSection(SolutionProperties) = preSolution
		HideSolutionNode = FALSE
	EndGlobalSection
	GlobalSection(ExtensibilityGlobals) = postSolution
		SolutionGuid = {8967477D-69B4-410F-9B11-EA560E71CEDF}
	EndGlobalSection
EndGlobal
