Microsoft Visual Studio Solution File, Format Version 12.00
# Visual Studio Version 17
VisualStudioVersion = 17.5.2.0
MinimumVisualStudioVersion = 10.0.40219.1
Project("{FAE04EC0-301F-11D3-BF4B-00C04F79EFBC}") = "PhoneNumberException", "PhoneNumberException.csproj", "{11B896F4-4F3A-E937-6435-A5D7D13E01AB}"
EndProject
Global
	GlobalSection(SolutionConfigurationPlatforms) = preSolution
		Debug|Any CPU = Debug|Any CPU
		Release|Any CPU = Release|Any CPU
	EndGlobalSection
	GlobalSection(ProjectConfigurationPlatforms) = postSolution
		{11B896F4-4F3A-E937-6435-A5D7D13E01AB}.Debug|Any CPU.ActiveCfg = Debug|Any CPU
		{11B896F4-4F3A-E937-6435-A5D7D13E01AB}.Debug|Any CPU.Build.0 = Debug|Any CPU
		{11B896F4-4F3A-E937-6435-A5D7D13E01AB}.Release|Any CPU.ActiveCfg = Release|Any CPU
		{11B896F4-4F3A-E937-6435-A5D7D13E01AB}.Release|Any CPU.Build.0 = Release|Any CPU
	EndGlobalSection
	GlobalSection(SolutionProperties) = preSolution
		HideSolutionNode = FALSE
	EndGlobalSection
	GlobalSection(ExtensibilityGlobals) = postSolution
		SolutionGuid = {010D6E28-3E35-40C4-96A9-475BD749C4A0}
	EndGlobalSection
EndGlobal
