Microsoft Visual Studio Solution File, Format Version 12.00
# Visual Studio Version 17
VisualStudioVersion = 17.5.2.0
MinimumVisualStudioVersion = 10.0.40219.1
Project("{FAE04EC0-301F-11D3-BF4B-00C04F79EFBC}") = "TemperatureBoard", "TemperatureBoard.csproj", "{59DA470A-E513-652C-844C-19C0AF2D3AD4}"
EndProject
Global
	GlobalSection(SolutionConfigurationPlatforms) = preSolution
		Debug|Any CPU = Debug|Any CPU
		Release|Any CPU = Release|Any CPU
	EndGlobalSection
	GlobalSection(ProjectConfigurationPlatforms) = postSolution
		{59DA470A-E513-652C-844C-19C0AF2D3AD4}.Debug|Any CPU.ActiveCfg = Debug|Any CPU
		{59DA470A-E513-652C-844C-19C0AF2D3AD4}.Debug|Any CPU.Build.0 = Debug|Any CPU
		{59DA470A-E513-652C-844C-19C0AF2D3AD4}.Release|Any CPU.ActiveCfg = Release|Any CPU
		{59DA470A-E513-652C-844C-19C0AF2D3AD4}.Release|Any CPU.Build.0 = Release|Any CPU
	EndGlobalSection
	GlobalSection(SolutionProperties) = preSolution
		HideSolutionNode = FALSE
	EndGlobalSection
	GlobalSection(ExtensibilityGlobals) = postSolution
		SolutionGuid = {D4D8C6F1-5559-46F3-BB90-C975078814D0}
	EndGlobalSection
EndGlobal
