Microsoft Visual Studio Solution File, Format Version 12.00
# Visual Studio Version 17
VisualStudioVersion = 17.5.2.0
MinimumVisualStudioVersion = 10.0.40219.1
Project("{FAE04EC0-301F-11D3-BF4B-00C04F79EFBC}") = "ApplicationException", "ApplicationException.csproj", "{8EBE07F7-0266-5172-5F68-04B3BBB1F00C}"
EndProject
Global
	GlobalSection(SolutionConfigurationPlatforms) = preSolution
		Debug|Any CPU = Debug|Any CPU
		Release|Any CPU = Release|Any CPU
	EndGlobalSection
	GlobalSection(ProjectConfigurationPlatforms) = postSolution
		{8EBE07F7-0266-5172-5F68-04B3BBB1F00C}.Debug|Any CPU.ActiveCfg = Debug|Any CPU
		{8EBE07F7-0266-5172-5F68-04B3BBB1F00C}.Debug|Any CPU.Build.0 = Debug|Any CPU
		{8EBE07F7-0266-5172-5F68-04B3BBB1F00C}.Release|Any CPU.ActiveCfg = Release|Any CPU
		{8EBE07F7-0266-5172-5F68-04B3BBB1F00C}.Release|Any CPU.Build.0 = Release|Any CPU
	EndGlobalSection
	GlobalSection(SolutionProperties) = preSolution
		HideSolutionNode = FALSE
	EndGlobalSection
	GlobalSection(ExtensibilityGlobals) = postSolution
		SolutionGuid = {4A71A4F4-B58D-4747-A7A0-5C93305B86B6}
	EndGlobalSection
EndGlobal
